{
  "name": "media manager",
  "lockfileVersion": 3,
  "requires": true,
  "packages": {
    "": {
      "dependencies": {
        "@ionic-native/file": "^5.36.0",
        "@ionic-native/image-picker": "^5.36.0",
        "@ionic-native/media": "^5.36.0",
        "@ionic-native/media-capture": "^5.36.0",
        "@ionic-native/photo-viewer": "^5.36.0",
        "@ionic-native/streaming-media": "^5.36.0"
      }
    },
    "node_modules/@ionic-native/core": {
      "version": "5.36.0",
      "resolved": "https://registry.npmjs.org/@ionic-native/core/-/core-5.36.0.tgz",
      "integrity": "sha512-lOrkktadlKYbYf1LrDyAtsu1JnQ0oCCdkOU7iHQ8oXnNOkMwobFfD2m62F1CoOr0u9LIkpYnZSPjng8lZbmbNw==",
      "peer": true,
      "dependencies": {
        "@types/cordova": "latest"
      },
      "peerDependencies": {
        "rxjs": "^5.5.0 || ^6.5.0"
      }
    },
    "node_modules/@ionic-native/file": {
      "version": "5.36.0",
      "resolved": "https://registry.npmjs.org/@ionic-native/file/-/file-5.36.0.tgz",
      "integrity": "sha512-x7yZ4VdC8n8FNlpRmUFtohNlOZnExvoxZ/6oCvGsV+ec8TJXUsDK/BYi1g+lkPTCUY3EmQIeBOe4PLO6fRJ7qg==",
      "dependencies": {
        "@types/cordova": "latest"
      },
      "peerDependencies": {
        "@ionic-native/core": "^5.1.0",
        "rxjs": "^5.5.0 || ^6.5.0"
      }
    },
    "node_modules/@ionic-native/image-picker": {
      "version": "5.36.0",
      "resolved": "https://registry.npmjs.org/@ionic-native/image-picker/-/image-picker-5.36.0.tgz",
      "integrity": "sha512-6RzK9x3/lnYvCYHeAzZuYejUKIifSnFt79iP2DvSZZ+4bu+a72yvPXx3xtHZZZT4sp4+vgZZNRfBYAJAikx6uw==",
      "dependencies": {
        "@types/cordova": "latest"
      },
      "peerDependencies": {
        "@ionic-native/core": "^5.1.0",
        "rxjs": "^5.5.0 || ^6.5.0"
      }
    },
    "node_modules/@ionic-native/media": {
      "version": "5.36.0",
      "resolved": "https://registry.npmjs.org/@ionic-native/media/-/media-5.36.0.tgz",
      "integrity": "sha512-WIDCeUlX7bCbse/x2Rr7mAIQJnLo18ZWcmsVgSTTBVS7ObU2DBl4ieqRx6y9PAAV+3tNZqMV4JAWDfMiFokpJg==",
      "dependencies": {
        "@types/cordova": "latest"
      },
      "peerDependencies": {
        "@ionic-native/core": "^5.1.0",
        "rxjs": "^5.5.0 || ^6.5.0"
      }
    },
    "node_modules/@ionic-native/media-capture": {
      "version": "5.36.0",
      "resolved": "https://registry.npmjs.org/@ionic-native/media-capture/-/media-capture-5.36.0.tgz",
      "integrity": "sha512-JBXZYsiIYO95bycF6EU8JBEai6UXdEx3dLnkXzJSYgYt8ynWceSr7Z/nPeuYfScEiKI3JA5FmaUGUsTkyHXOnw==",
      "dependencies": {
        "@types/cordova": "latest"
      },
      "peerDependencies": {
        "@ionic-native/core": "^5.1.0",
        "rxjs": "^5.5.0 || ^6.5.0"
      }
    },
    "node_modules/@ionic-native/photo-viewer": {
      "version": "5.36.0",
      "resolved": "https://registry.npmjs.org/@ionic-native/photo-viewer/-/photo-viewer-5.36.0.tgz",
      "integrity": "sha512-VVCeDVRHTFLNVZUdvk3P+G4DhL54TGi3My2VBw4E8Kp11Clg4jdNPtMFRcwRoLk40LVB3Qaoq0avf1d5yKIZLw==",
      "dependencies": {
        "@types/cordova": "latest"
      },
      "peerDependencies": {
        "@ionic-native/core": "^5.1.0",
        "rxjs": "^5.5.0 || ^6.5.0"
      }
    },
    "node_modules/@ionic-native/streaming-media": {
      "version": "5.36.0",
      "resolved": "https://registry.npmjs.org/@ionic-native/streaming-media/-/streaming-media-5.36.0.tgz",
      "integrity": "sha512-l4+r3O2VRfEw4if3BLdawNx+tApH+czpVlkz14szAmIvsIVUqKoz6n2xq9hTX5z4uZdKVYLn8l8OnLuuNbCM2A==",
      "dependencies": {
        "@types/cordova": "latest"
      },
      "peerDependencies": {
        "@ionic-native/core": "^5.1.0",
        "rxjs": "^5.5.0 || ^6.5.0"
      }
    },
    "node_modules/@types/cordova": {
      "version": "11.0.3",
      "resolved": "https://registry.npmjs.org/@types/cordova/-/cordova-11.0.3.tgz",
      "integrity": "sha512-kyuRQ40/NWQVhqGIHq78Ehu2Bf9Mlg0LhmSmis6ZFJK7z933FRfYi8tHe/k/0fB+PGfCf95rJC6TO7dopaFvAg=="
    },
    "node_modules/rxjs": {
      "version": "6.6.7",
      "resolved": "https://registry.npmjs.org/rxjs/-/rxjs-6.6.7.tgz",
      "integrity": "sha512-hTdwr+7yYNIT5n4AMYp85KA6yw2Va0FLa3Rguvbpa4W3I5xynaBZo41cM3XM+4Q6fRMj3sBYIR1VAmZMXYJvRQ==",
      "peer": true,
      "dependencies": {
        "tslib": "^1.9.0"
      },
      "engines": {
        "npm": ">=2.0.0"
      }
    },
    "node_modules/tslib": {
      "version": "1.14.1",
      "resolved": "https://registry.npmjs.org/tslib/-/tslib-1.14.1.tgz",
      "integrity": "sha512-Xni35NKzjgMrwevysHTCArtLDpPvye8zV/0E4EyYn43P7/7qvQwPh9BGkHewbMulVntbigmcT7rdX3BNo9wRJg==",
      "peer": true
    }
  }
}
